
Microsoft Visual Studio Solution File, Format Version 12.00
# Visual Studio Version 16
VisualStudioVersion = 16.0.30523.141
MinimumVisualStudioVersion = 10.0.40219.1
Project("{FAE04EC0-301F-11D3-BF4B-00C04F79EFBC}") = "LiteDBDemo", "LiteDBDemo\LiteDBDemo.csproj", "{6DDED7D2-05C8-4E8F-A091-3A8FEB3D1E55}"
EndProject
Global
	GlobalSection(SolutionConfigurationPlatforms) = preSolution
		Debug|Any CPU = Debug|Any CPU
		Release|Any CPU = Release|Any CPU
	EndGlobalSection
	GlobalSection(ProjectConfigurationPlatforms) = postSolution
		{6DDED7D2-05C8-4E8F-A091-3A8FEB3D1E55}.Debug|Any CPU.ActiveCfg = Debug|Any CPU
		{6DDED7D2-05C8-4E8F-A091-3A8FEB3D1E55}.Debug|Any CPU.Build.0 = Debug|Any CPU
		{6DDED7D2-05C8-4E8F-A091-3A8FEB3D1E55}.Release|Any CPU.ActiveCfg = Release|Any CPU
		{6DDED7D2-05C8-4E8F-A091-3A8FEB3D1E55}.Release|Any CPU.Build.0 = Release|Any CPU
	EndGlobalSection
	GlobalSection(SolutionProperties) = preSolution
		HideSolutionNode = FALSE
	EndGlobalSection
	GlobalSection(ExtensibilityGlobals) = postSolution
		SolutionGuid = {7E8CF6DD-3AF6-476C-9421-09B9A8927F73}
	EndGlobalSection
EndGlobal
